
Microsoft Visual Studio Solution File, Format Version 12.00
# Visual Studio 15
VisualStudioVersion = 15.0.28307.902
MinimumVisualStudioVersion = 10.0.40219.1
Project("{FAE04EC0-301F-11D3-BF4B-00C04F79EFBC}") = "Project.MODEL", "Project.MODEL\Project.MODEL.csproj", "{5C9C02AE-B602-4C32-B947-BD9D2C07539B}"
EndProject
Project("{FAE04EC0-301F-11D3-BF4B-00C04F79EFBC}") = "Project.MAP", "Project.MAP\Project.MAP.csproj", "{111E2654-B350-474A-B811-B34B46D6C482}"
EndProject
Project("{FAE04EC0-301F-11D3-BF4B-00C04F79EFBC}") = "Project.DAL", "Project.DAL\Project.DAL.csproj", "{1DB7E637-ACF4-4736-8830-FBE2A5B04936}"
EndProject
Project("{FAE04EC0-301F-11D3-BF4B-00C04F79EFBC}") = "Project.BLL", "Project.BLL\Project.BLL.csproj", "{82F37674-6925-481C-936A-925E64B6ABCB}"
EndProject
Project("{FAE04EC0-301F-11D3-BF4B-00C04F79EFBC}") = "Project.MVCUI", "Project.MVCUI\Project.MVCUI.csproj", "{4E80E066-DDA6-4B2A-9B38-572877C650CA}"
EndProject
Project("{FAE04EC0-301F-11D3-BF4B-00C04F79EFBC}") = "Project.COMMON", "Project.COMMON\Project.COMMON.csproj", "{07027027-57B9-4383-BAE1-7D11CCA98745}"
EndProject
Global
	GlobalSection(SolutionConfigurationPlatforms) = preSolution
		Debug|Any CPU = Debug|Any CPU
		Release|Any CPU = Release|Any CPU
	EndGlobalSection
	GlobalSection(ProjectConfigurationPlatforms) = postSolution
		{5C9C02AE-B602-4C32-B947-BD9D2C07539B}.Debug|Any CPU.ActiveCfg = Debug|Any CPU
		{5C9C02AE-B602-4C32-B947-BD9D2C07539B}.Debug|Any CPU.Build.0 = Debug|Any CPU
		{5C9C02AE-B602-4C32-B947-BD9D2C07539B}.Release|Any CPU.ActiveCfg = Release|Any CPU
		{5C9C02AE-B602-4C32-B947-BD9D2C07539B}.Release|Any CPU.Build.0 = Release|Any CPU
		{111E2654-B350-474A-B811-B34B46D6C482}.Debug|Any CPU.ActiveCfg = Debug|Any CPU
		{111E2654-B350-474A-B811-B34B46D6C482}.Debug|Any CPU.Build.0 = Debug|Any CPU
		{111E2654-B350-474A-B811-B34B46D6C482}.Release|Any CPU.ActiveCfg = Release|Any CPU
		{111E2654-B350-474A-B811-B34B46D6C482}.Release|Any CPU.Build.0 = Release|Any CPU
		{1DB7E637-ACF4-4736-8830-FBE2A5B04936}.Debug|Any CPU.ActiveCfg = Debug|Any CPU
		{1DB7E637-ACF4-4736-8830-FBE2A5B04936}.Debug|Any CPU.Build.0 = Debug|Any CPU
		{1DB7E637-ACF4-4736-8830-FBE2A5B04936}.Release|Any CPU.ActiveCfg = Release|Any CPU
		{1DB7E637-ACF4-4736-8830-FBE2A5B04936}.Release|Any CPU.Build.0 = Release|Any CPU
		{82F37674-6925-481C-936A-925E64B6ABCB}.Debug|Any CPU.ActiveCfg = Debug|Any CPU
		{82F37674-6925-481C-936A-925E64B6ABCB}.Debug|Any CPU.Build.0 = Debug|Any CPU
		{82F37674-6925-481C-936A-925E64B6ABCB}.Release|Any CPU.ActiveCfg = Release|Any CPU
		{82F37674-6925-481C-936A-925E64B6ABCB}.Release|Any CPU.Build.0 = Release|Any CPU
		{4E80E066-DDA6-4B2A-9B38-572877C650CA}.Debug|Any CPU.ActiveCfg = Debug|Any CPU
		{4E80E066-DDA6-4B2A-9B38-572877C650CA}.Debug|Any CPU.Build.0 = Debug|Any CPU
		{4E80E066-DDA6-4B2A-9B38-572877C650CA}.Release|Any CPU.ActiveCfg = Release|Any CPU
		{4E80E066-DDA6-4B2A-9B38-572877C650CA}.Release|Any CPU.Build.0 = Release|Any CPU
		{07027027-57B9-4383-BAE1-7D11CCA98745}.Debug|Any CPU.ActiveCfg = Debug|Any CPU
		{07027027-57B9-4383-BAE1-7D11CCA98745}.Debug|Any CPU.Build.0 = Debug|Any CPU
		{07027027-57B9-4383-BAE1-7D11CCA98745}.Release|Any CPU.ActiveCfg = Release|Any CPU
		{07027027-57B9-4383-BAE1-7D11CCA98745}.Release|Any CPU.Build.0 = Release|Any CPU
	EndGlobalSection
	GlobalSection(SolutionProperties) = preSolution
		HideSolutionNode = FALSE
	EndGlobalSection
	GlobalSection(ExtensibilityGlobals) = postSolution
		SolutionGuid = {E2160182-8E7D-4E2A-B870-614168591895}
	EndGlobalSection
EndGlobal
